// !$*UTF8*$!
{
	archiveVersion = 1;
	classes = {
	};
	objectVersion = 77;
	objects = {

/* Begin PBXContainerItemProxy section */
		93B20AC12CC6BA8A00BBDE00 /* PBXContainerItemProxy */ = {
			isa = PBXContainerItemProxy;
			containerPortal = 93B20AA72CC6BA7F00BBDE00 /* Project object */;
			proxyType = 1;
			remoteGlobalIDString = 93B20AAE2CC6BA7F00BBDE00;
			remoteInfo = WordCountApp;
		};
		93B20ACB2CC6BA8A00BBDE00 /* PBXContainerItemProxy */ = {
			isa = PBXContainerItemProxy;
			containerPortal = 93B20AA72CC6BA7F00BBDE00 /* Project object */;
			proxyType = 1;
			remoteGlobalIDString = 93B20AAE2CC6BA7F00BBDE00;
			remoteInfo = WordCountApp;
		};
/* End PBXContainerItemProxy section */

/* Begin PBXFileReference section */
		93B20AAF2CC6BA7F00BBDE00 /* WordCountApp.app */ = {isa = PBXFileReference; explicitFileType = wrapper.application; includeInIndex = 0; path = WordCountApp.app; sourceTree = BUILT_PRODUCTS_DIR; };
		93B20AC02CC6BA8A00BBDE00 /* WordCountAppTests.xctest */ = {isa = PBXFileReference; explicitFileType = wrapper.cfbundle; includeInIndex = 0; path = WordCountAppTests.xctest; sourceTree = BUILT_PRODUCTS_DIR; };
		93B20ACA2CC6BA8A00BBDE00 /* WordCountAppUITests.xctest */ = {isa = PBXFileReference; explicitFileType = wrapper.cfbundle; includeInIndex = 0; path = WordCountAppUITests.xctest; sourceTree = BUILT_PRODUCTS_DIR; };
/* End PBXFileReference section */

/* Begin PBXFileSystemSynchronizedRootGroup section */
		93B20AB12CC6BA7F00BBDE00 /* WordCountApp */ = {
			isa = PBXFileSystemSynchronizedRootGroup;
			path = WordCountApp;
			sourceTree = "<group>";
		};
		93B20AC32CC6BA8A00BBDE00 /* WordCountAppTests */ = {
			isa = PBXFileSystemSynchronizedRootGroup;
			path = WordCountAppTests;
			sourceTree = "<group>";
		};
		93B20ACD2CC6BA8A00BBDE00 /* WordCountAppUITests */ = {
			isa = PBXFileSystemSynchronizedRootGroup;
			path = WordCountAppUITests;
			sourceTree = "<group>";
		};
/* End PBXFileSystemSynchronizedRootGroup section */

/* Begin PBXFrameworksBuildPhase section */
		93B20AAC2CC6BA7F00BBDE00 /* Frameworks */ = {
			isa = PBXFrameworksBuildPhase;
			buildActionMask = 2147483647;
			files = (
			);
			runOnlyForDeploymentPostprocessing = 0;
		};
		93B20ABD2CC6BA8A00BBDE00 /* Frameworks */ = {
			isa = PBXFrameworksBuildPhase;
			buildActionMask = 2147483647;
			files = (
			);
			runOnlyForDeploymentPostprocessing = 0;
		};
		93B20AC72CC6BA8A00BBDE00 /* Frameworks */ = {
			isa = PBXFrameworksBuildPhase;
			buildActionMask = 2147483647;
			files = (
			);
			runOnlyForDeploymentPostprocessing = 0;
		};
/* End PBXFrameworksBuildPhase section */

/* Begin PBXGroup section */
		93B20AA62CC6BA7F00BBDE00 = {
			isa = PBXGroup;
			children = (
				93B20AB12CC6BA7F00BBDE00 /* WordCountApp */,
				93B20AC32CC6BA8A00BBDE00 /* WordCountAppTests */,
				93B20ACD2CC6BA8A00BBDE00 /* WordCountAppUITests */,
				93B20AB02CC6BA7F00BBDE00 /* Products */,
			);
			sourceTree = "<group>";
		};
		93B20AB02CC6BA7F00BBDE00 /* Products */ = {
			isa = PBXGroup;
			children = (
				93B20AAF2CC6BA7F00BBDE00 /* WordCountApp.app */,
				93B20AC02CC6BA8A00BBDE00 /* WordCountAppTests.xctest */,
				93B20ACA2CC6BA8A00BBDE00 /* WordCountAppUITests.xctest */,
			);
			name = Products;
			sourceTree = "<group>";
		};
/* End PBXGroup section */

/* Begin PBXNativeTarget section */
		93B20AAE2CC6BA7F00BBDE00 /* WordCountApp */ = {
			isa = PBXNativeTarget;
			buildConfigurationList = 93B20AD42CC6BA8A00BBDE00 /* Build configuration list for PBXNativeTarget "WordCountApp" */;
			buildPhases = (
				93B20AAB2CC6BA7F00BBDE00 /* Sources */,
				93B20AAC2CC6BA7F00BBDE00 /* Frameworks */,
				93B20AAD2CC6BA7F00BBDE00 /* Resources */,
			);
			buildRules = (
			);
			dependencies = (
			);
			fileSystemSynchronizedGroups = (
				93B20AB12CC6BA7F00BBDE00 /* WordCountApp */,
			);
			name = WordCountApp;
			packageProductDependencies = (
			);
			productName = WordCountApp;
			productReference = 93B20AAF2CC6BA7F00BBDE00 /* WordCountApp.app */;
			productType = "com.apple.product-type.application";
		};
		93B20ABF2CC6BA8A00BBDE00 /* WordCountAppTests */ = {
			isa = PBXNativeTarget;
			buildConfigurationList = 93B20AD72CC6BA8A00BBDE00 /* Build configuration list for PBXNativeTarget "WordCountAppTests" */;
			buildPhases = (
				93B20ABC2CC6BA8A00BBDE00 /* Sources */,
				93B20ABD2CC6BA8A00BBDE00 /* Frameworks */,
				93B20ABE2CC6BA8A00BBDE00 /* Resources */,
			);
			buildRules = (
			);
			dependencies = (
				93B20AC22CC6BA8A00BBDE00 /* PBXTargetDependency */,
			);
			fileSystemSynchronizedGroups = (
				93B20AC32CC6BA8A00BBDE00 /* WordCountAppTests */,
			);
			name = WordCountAppTests;
			packageProductDependencies = (
			);
			productName = WordCountAppTests;
			productReference = 93B20AC02CC6BA8A00BBDE00 /* WordCountAppTests.xctest */;
			productType = "com.apple.product-type.bundle.unit-test";
		};
		93B20AC92CC6BA8A00BBDE00 /* WordCountAppUITests */ = {
			isa = PBXNativeTarget;
			buildConfigurationList = 93B20ADA2CC6BA8A00BBDE00 /* Build configuration list for PBXNativeTarget "WordCountAppUITests" */;
			buildPhases = (
				93B20AC62CC6BA8A00BBDE00 /* Sources */,
				93B20AC72CC6BA8A00BBDE00 /* Frameworks */,
				93B20AC82CC6BA8A00BBDE00 /* Resources */,
			);
			buildRules = (
			);
			dependencies = (
				93B20ACC2CC6BA8A00BBDE00 /* PBXTargetDependency */,
			);
			fileSystemSynchronizedGroups = (
				93B20ACD2CC6BA8A00BBDE00 /* WordCountAppUITests */,
			);
			name = WordCountAppUITests;
			packageProductDependencies = (
			);
			productName = WordCountAppUITests;
			productReference = 93B20ACA2CC6BA8A00BBDE00 /* WordCountAppUITests.xctest */;
			productType = "com.apple.product-type.bundle.ui-testing";
		};
/* End PBXNativeTarget section */

/* Begin PBXProject section */
		93B20AA72CC6BA7F00BBDE00 /* Project object */ = {
			isa = PBXProject;
			attributes = {
				BuildIndependentTargetsInParallel = 1;
				LastSwiftUpdateCheck = 1600;
				LastUpgradeCheck = 1600;
				TargetAttributes = {
					93B20AAE2CC6BA7F00BBDE00 = {
						CreatedOnToolsVersion = 16.0;
					};
					93B20ABF2CC6BA8A00BBDE00 = {
						CreatedOnToolsVersion = 16.0;
						TestTargetID = 93B20AAE2CC6BA7F00BBDE00;
					};
					93B20AC92CC6BA8A00BBDE00 = {
						CreatedOnToolsVersion = 16.0;
						TestTargetID = 93B20AAE2CC6BA7F00BBDE00;
					};
				};
			};
			buildConfigurationList = 93B20AAA2CC6BA7F00BBDE00 /* Build configuration list for PBXProject "WordCountApp" */;
			developmentRegion = en;
			hasScannedForEncodings = 0;
			knownRegions = (
				en,
				Base,
			);
			mainGroup = 93B20AA62CC6BA7F00BBDE00;
			minimizedProjectReferenceProxies = 1;
			preferredProjectObjectVersion = 77;
			productRefGroup = 93B20AB02CC6BA7F00BBDE00 /* Products */;
			projectDirPath = "";
			projectRoot = "";
			targets = (
				93B20AAE2CC6BA7F00BBDE00 /* WordCountApp */,
				93B20ABF2CC6BA8A00BBDE00 /* WordCountAppTests */,
				93B20AC92CC6BA8A00BBDE00 /* WordCountAppUITests */,
			);
		};
/* End PBXProject section */

/* Begin PBXResourcesBuildPhase section */
		93B20AAD2CC6BA7F00BBDE00 /* Resources */ = {
			isa = PBXResourcesBuildPhase;
			buildActionMask = 2147483647;
			files = (
			);
			runOnlyForDeploymentPostprocessing = 0;
		};
		93B20ABE2CC6BA8A00BBDE00 /* Resources */ = {
			isa = PBXResourcesBuildPhase;
			buildActionMask = 2147483647;
			files = (
			);
			runOnlyForDeploymentPostprocessing = 0;
		};
		93B20AC82CC6BA8A00BBDE00 /* Resources */ = {
			isa = PBXResourcesBuildPhase;
			buildActionMask = 2147483647;
			files = (
			);
			runOnlyForDeploymentPostprocessing = 0;
		};
/* End PBXResourcesBuildPhase section */

/* Begin PBXSourcesBuildPhase section */
		93B20AAB2CC6BA7F00BBDE00 /* Sources */ = {
			isa = PBXSourcesBuildPhase;
			buildActionMask = 2147483647;
			files = (
			);
			runOnlyForDeploymentPostprocessing = 0;
		};
		93B20ABC2CC6BA8A00BBDE00 /* Sources */ = {
			isa = PBXSourcesBuildPhase;
			buildActionMask = 2147483647;
			files = (
			);
			runOnlyForDeploymentPostprocessing = 0;
		};
		93B20AC62CC6BA8A00BBDE00 /* Sources */ = {
			isa = PBXSourcesBuildPhase;
			buildActionMask = 2147483647;
			files = (
			);
			runOnlyForDeploymentPostprocessing = 0;
		};
/* End PBXSourcesBuildPhase section */

/* Begin PBXTargetDependency section */
		93B20AC22CC6BA8A00BBDE00 /* PBXTargetDependency */ = {
			isa = PBXTargetDependency;
			target = 93B20AAE2CC6BA7F00BBDE00 /* WordCountApp */;
			targetProxy = 93B20AC12CC6BA8A00BBDE00 /* PBXContainerItemProxy */;
		};
		93B20ACC2CC6BA8A00BBDE00 /* PBXTargetDependency */ = {
			isa = PBXTargetDependency;
			target = 93B20AAE2CC6BA7F00BBDE00 /* WordCountApp */;
			targetProxy = 93B20ACB2CC6BA8A00BBDE00 /* PBXContainerItemProxy */;
		};
/* End PBXTargetDependency section */

/* Begin XCBuildConfiguration section */
		93B20AD22CC6BA8A00BBDE00 /* Debug */ = {
			isa = XCBuildConfiguration;
			buildSettings = {
				ALWAYS_SEARCH_USER_PATHS = NO;
				ASSETCATALOG_COMPILER_GENERATE_SWIFT_ASSET_SYMBOL_EXTENSIONS = YES;
				CLANG_ANALYZER_NONNULL = YES;
				CLANG_ANALYZER_NUMBER_OBJECT_CONVERSION = YES_AGGRESSIVE;
				CLANG_CXX_LANGUAGE_STANDARD = "gnu++20";
				CLANG_ENABLE_MODULES = YES;
				CLANG_ENABLE_OBJC_ARC = YES;
				CLANG_ENABLE_OBJC_WEAK = YES;
				CLANG_WARN_BLOCK_CAPTURE_AUTORELEASING = YES;
				CLANG_WARN_BOOL_CONVERSION = YES;
				CLANG_WARN_COMMA = YES;
				CLANG_WARN_CONSTANT_CONVERSION = YES;
				CLANG_WARN_DEPRECATED_OBJC_IMPLEMENTATIONS = YES;
				CLANG_WARN_DIRECT_OBJC_ISA_USAGE = YES_ERROR;
				CLANG_WARN_DOCUMENTATION_COMMENTS = YES;
				CLANG_WARN_EMPTY_BODY = YES;
				CLANG_WARN_ENUM_CONVERSION = YES;
				CLANG_WARN_INFINITE_RECURSION = YES;
				CLANG_WARN_INT_CONVERSION = YES;
				CLANG_WARN_NON_LITERAL_NULL_CONVERSION = YES;
				CLANG_WARN_OBJC_IMPLICIT_RETAIN_SELF = YES;
				CLANG_WARN_OBJC_LITERAL_CONVERSION = YES;
				CLANG_WARN_OBJC_ROOT_CLASS = YES_ERROR;
				CLANG_WARN_QUOTED_INCLUDE_IN_FRAMEWORK_HEADER = YES;
				CLANG_WARN_RANGE_LOOP_ANALYSIS = YES;
				CLANG_WARN_STRICT_PROTOTYPES = YES;
				CLANG_WARN_SUSPICIOUS_MOVE = YES;
				CLANG_WARN_UNGUARDED_AVAILABILITY = YES_AGGRESSIVE;
				CLANG_WARN_UNREACHABLE_CODE = YES;
				CLANG_WARN__DUPLICATE_METHOD_MATCH = YES;
				COPY_PHASE_STRIP = NO;
				DEBUG_INFORMATION_FORMAT = dwarf;
				ENABLE_STRICT_OBJC_MSGSEND = YES;
				ENABLE_TESTABILITY = YES;
				ENABLE_USER_SCRIPT_SANDBOXING = YES;
				GCC_C_LANGUAGE_STANDARD = gnu17;
				GCC_DYNAMIC_NO_PIC = NO;
				GCC_NO_COMMON_BLOCKS = YES;
				GCC_OPTIMIZATION_LEVEL = 0;
				GCC_PREPROCESSOR_DEFINITIONS = (
					"DEBUG=1",
					"$(inherited)",
				);
				GCC_WARN_64_TO_32_BIT_CONVERSION = YES;
				GCC_WARN_ABOUT_RETURN_TYPE = YES_ERROR;
				GCC_WARN_UNDECLARED_SELECTOR = YES;
				GCC_WARN_UNINITIALIZED_AUTOS = YES_AGGRESSIVE;
				GCC_WARN_UNUSED_FUNCTION = YES;
				GCC_WARN_UNUSED_VARIABLE = YES;
				LOCALIZATION_PREFERS_STRING_CATALOGS = YES;
				MACOSX_DEPLOYMENT_TARGET = 15.0;
				MTL_ENABLE_DEBUG_INFO = INCLUDE_SOURCE;
				MTL_FAST_MATH = YES;
				ONLY_ACTIVE_ARCH = YES;
				SDKROOT = macosx;
				SWIFT_ACTIVE_COMPILATION_CONDITIONS = "DEBUG $(inherited)";
				SWIFT_OPTIMIZATION_LEVEL = "-Onone";
			};
			name = Debug;
		};
		93B20AD32CC6BA8A00BBDE00 /* Release */ = {
			isa = XCBuildConfiguration;
			buildSettings = {
				ALWAYS_SEARCH_USER_PATHS = NO;
				ASSETCATALOG_COMPILER_GENERATE_SWIFT_ASSET_SYMBOL_EXTENSIONS = YES;
				CLANG_ANALYZER_NONNULL = YES;
				CLANG_ANALYZER_NUMBER_OBJECT_CONVERSION = YES_AGGRESSIVE;
				CLANG_CXX_LANGUAGE_STANDARD = "gnu++20";
				CLANG_ENABLE_MODULES = YES;
				CLANG_ENABLE_OBJC_ARC = YES;
				CLANG_ENABLE_OBJC_WEAK = YES;
				CLANG_WARN_BLOCK_CAPTURE_AUTORELEASING = YES;
				CLANG_WARN_BOOL_CONVERSION = YES;
				CLANG_WARN_COMMA = YES;
				CLANG_WARN_CONSTANT_CONVERSION = YES;
				CLANG_WARN_DEPRECATED_OBJC_IMPLEMENTATIONS = YES;
				CLANG_WARN_DIRECT_OBJC_ISA_USAGE = YES_ERROR;
				CLANG_WARN_DOCUMENTATION_COMMENTS = YES;
				CLANG_WARN_EMPTY_BODY = YES;
				CLANG_WARN_ENUM_CONVERSION = YES;
				CLANG_WARN_INFINITE_RECURSION = YES;
				CLANG_WARN_INT_CONVERSION = YES;
				CLANG_WARN_NON_LITERAL_NULL_CONVERSION = YES;
				CLANG_WARN_OBJC_IMPLICIT_RETAIN_SELF = YES;
				CLANG_WARN_OBJC_LITERAL_CONVERSION = YES;
				CLANG_WARN_OBJC_ROOT_CLASS = YES_ERROR;
				CLANG_WARN_QUOTED_INCLUDE_IN_FRAMEWORK_HEADER = YES;
				CLANG_WARN_RANGE_LOOP_ANALYSIS = YES;
				CLANG_WARN_STRICT_PROTOTYPES = YES;
				CLANG_WARN_SUSPICIOUS_MOVE = YES;
				CLANG_WARN_UNGUARDED_AVAILABILITY = YES_AGGRESSIVE;
				CLANG_WARN_UNREACHABLE_CODE = YES;
				CLANG_WARN__DUPLICATE_METHOD_MATCH = YES;
				COPY_PHASE_STRIP = NO;
				DEBUG_INFORMATION_FORMAT = "dwarf-with-dsym";
				ENABLE_NS_ASSERTIONS = NO;
				ENABLE_STRICT_OBJC_MSGSEND = YES;
				ENABLE_USER_SCRIPT_SANDBOXING = YES;
				GCC_C_LANGUAGE_STANDARD = gnu17;
				GCC_NO_COMMON_BLOCKS = YES;
				GCC_WARN_64_TO_32_BIT_CONVERSION = YES;
				GCC_WARN_ABOUT_RETURN_TYPE = YES_ERROR;
				GCC_WARN_UNDECLARED_SELECTOR = YES;
				GCC_WARN_UNINITIALIZED_AUTOS = YES_AGGRESSIVE;
				GCC_WARN_UNUSED_FUNCTION = YES;
				GCC_WARN_UNUSED_VARIABLE = YES;
				LOCALIZATION_PREFERS_STRING_CATALOGS = YES;
				MACOSX_DEPLOYMENT_TARGET = 15.0;
				MTL_ENABLE_DEBUG_INFO = NO;
				MTL_FAST_MATH = YES;
				SDKROOT = macosx;
				SWIFT_COMPILATION_MODE = wholemodule;
			};
			name = Release;
		};
		93B20AD52CC6BA8A00BBDE00 /* Debug */ = {
			isa = XCBuildConfiguration;
			buildSettings = {
				ASSETCATALOG_COMPILER_APPICON_NAME = AppIcon;
				ASSETCATALOG_COMPILER_GLOBAL_ACCENT_COLOR_NAME = AccentColor;
				CODE_SIGN_ENTITLEMENTS = WordCountApp/WordCountApp.entitlements;
				CODE_SIGN_STYLE = Automatic;
				COMBINE_HIDPI_IMAGES = YES;
				CURRENT_PROJECT_VERSION = 1;
				DEVELOPMENT_ASSET_PATHS = "\"WordCountApp/Preview Content\"";
				ENABLE_PREVIEWS = YES;
				GENERATE_INFOPLIST_FILE = YES;
				INFOPLIST_KEY_NSHumanReadableCopyright = "";
				LD_RUNPATH_SEARCH_PATHS = (
					"$(inherited)",
					"@executable_path/../Frameworks",
				);
				MARKETING_VERSION = 1.0;
				PRODUCT_BUNDLE_IDENTIFIER = Sourajyesh.WordCountApp;
				PRODUCT_NAME = "$(TARGET_NAME)";
				SWIFT_EMIT_LOC_STRINGS = YES;
				SWIFT_VERSION = 5.0;
			};
			name = Debug;
		};
		93B20AD62CC6BA8A00BBDE00 /* Release */ = {
			isa = XCBuildConfiguration;
			buildSettings = {
				ASSETCATALOG_COMPILER_APPICON_NAME = AppIcon;
				ASSETCATALOG_COMPILER_GLOBAL_ACCENT_COLOR_NAME = AccentColor;
				CODE_SIGN_ENTITLEMENTS = WordCountApp/WordCountApp.entitlements;
				CODE_SIGN_STYLE = Automatic;
				COMBINE_HIDPI_IMAGES = YES;
				CURRENT_PROJECT_VERSION = 1;
				DEVELOPMENT_ASSET_PATHS = "\"WordCountApp/Preview Content\"";
				ENABLE_PREVIEWS = YES;
				GENERATE_INFOPLIST_FILE = YES;
				INFOPLIST_KEY_NSHumanReadableCopyright = "";
				LD_RUNPATH_SEARCH_PATHS = (
					"$(inherited)",
					"@executable_path/../Frameworks",
				);
				MARKETING_VERSION = 1.0;
				PRODUCT_BUNDLE_IDENTIFIER = Sourajyesh.WordCountApp;
				PRODUCT_NAME = "$(TARGET_NAME)";
				SWIFT_EMIT_LOC_STRINGS = YES;
				SWIFT_VERSION = 5.0;
			};
			name = Release;
		};
		93B20AD82CC6BA8A00BBDE00 /* Debug */ = {
			isa = XCBuildConfiguration;
			buildSettings = {
				BUNDLE_LOADER = "$(TEST_HOST)";
				CODE_SIGN_STYLE = Automatic;
				CURRENT_PROJECT_VERSION = 1;
				GENERATE_INFOPLIST_FILE = YES;
				MACOSX_DEPLOYMENT_TARGET = 15.0;
				MARKETING_VERSION = 1.0;
				PRODUCT_BUNDLE_IDENTIFIER = Sourajyesh.WordCountAppTests;
				PRODUCT_NAME = "$(TARGET_NAME)";
				SWIFT_EMIT_LOC_STRINGS = NO;
				SWIFT_VERSION = 5.0;
				TEST_HOST = "$(BUILT_PRODUCTS_DIR)/WordCountApp.app/$(BUNDLE_EXECUTABLE_FOLDER_PATH)/WordCountApp";
			};
			name = Debug;
		};
		93B20AD92CC6BA8A00BBDE00 /* Release */ = {
			isa = XCBuildConfiguration;
			buildSettings = {
				BUNDLE_LOADER = "$(TEST_HOST)";
				CODE_SIGN_STYLE = Automatic;
				CURRENT_PROJECT_VERSION = 1;
				GENERATE_INFOPLIST_FILE = YES;
				MACOSX_DEPLOYMENT_TARGET = 15.0;
				MARKETING_VERSION = 1.0;
				PRODUCT_BUNDLE_IDENTIFIER = Sourajyesh.WordCountAppTests;
				PRODUCT_NAME = "$(TARGET_NAME)";
				SWIFT_EMIT_LOC_STRINGS = NO;
				SWIFT_VERSION = 5.0;
				TEST_HOST = "$(BUILT_PRODUCTS_DIR)/WordCountApp.app/$(BUNDLE_EXECUTABLE_FOLDER_PATH)/WordCountApp";
			};
			name = Release;
		};
		93B20ADB2CC6BA8A00BBDE00 /* Debug */ = {
			isa = XCBuildConfiguration;
			buildSettings = {
				CODE_SIGN_STYLE = Automatic;
				CURRENT_PROJECT_VERSION = 1;
				GENERATE_INFOPLIST_FILE = YES;
				MARKETING_VERSION = 1.0;
				PRODUCT_BUNDLE_IDENTIFIER = Sourajyesh.WordCountAppUITests;
				PRODUCT_NAME = "$(TARGET_NAME)";
				SWIFT_EMIT_LOC_STRINGS = NO;
				SWIFT_VERSION = 5.0;
				TEST_TARGET_NAME = WordCountApp;
			};
			name = Debug;
		};
		93B20ADC2CC6BA8A00BBDE00 /* Release */ = {
			isa = XCBuildConfiguration;
			buildSettings = {
				CODE_SIGN_STYLE = Automatic;
				CURRENT_PROJECT_VERSION = 1;
				GENERATE_INFOPLIST_FILE = YES;
				MARKETING_VERSION = 1.0;
				PRODUCT_BUNDLE_IDENTIFIER = Sourajyesh.WordCountAppUITests;
				PRODUCT_NAME = "$(TARGET_NAME)";
				SWIFT_EMIT_LOC_STRINGS = NO;
				SWIFT_VERSION = 5.0;
				TEST_TARGET_NAME = WordCountApp;
			};
			name = Release;
		};
/* End XCBuildConfiguration section */

/* Begin XCConfigurationList section */
		93B20AAA2CC6BA7F00BBDE00 /* Build configuration list for PBXProject "WordCountApp" */ = {
			isa = XCConfigurationList;
			buildConfigurations = (
				93B20AD22CC6BA8A00BBDE00 /* Debug */,
				93B20AD32CC6BA8A00BBDE00 /* Release */,
			);
			defaultConfigurationIsVisible = 0;
			defaultConfigurationName = Release;
		};
		93B20AD42CC6BA8A00BBDE00 /* Build configuration list for PBXNativeTarget "WordCountApp" */ = {
			isa = XCConfigurationList;
			buildConfigurations = (
				93B20AD52CC6BA8A00BBDE00 /* Debug */,
				93B20AD62CC6BA8A00BBDE00 /* Release */,
			);
			defaultConfigurationIsVisible = 0;
			defaultConfigurationName = Release;
		};
		93B20AD72CC6BA8A00BBDE00 /* Build configuration list for PBXNativeTarget "WordCountAppTests" */ = {
			isa = XCConfigurationList;
			buildConfigurations = (
				93B20AD82CC6BA8A00BBDE00 /* Debug */,
				93B20AD92CC6BA8A00BBDE00 /* Release */,
			);
			defaultConfigurationIsVisible = 0;
			defaultConfigurationName = Release;
		};
		93B20ADA2CC6BA8A00BBDE00 /* Build configuration list for PBXNativeTarget "WordCountAppUITests" */ = {
			isa = XCConfigurationList;
			buildConfigurations = (
				93B20ADB2CC6BA8A00BBDE00 /* Debug */,
				93B20ADC2CC6BA8A00BBDE00 /* Release */,
			);
			defaultConfigurationIsVisible = 0;
			defaultConfigurationName = Release;
		};
/* End XCConfigurationList section */
	};
	rootObject = 93B20AA72CC6BA7F00BBDE00 /* Project object */;
}
